# THIS IS AN AUTOGENERATED FILE. DO NOT EDIT THIS FILE DIRECTLY.
# yarn lockfile v1


"@types/bson@*":
  version "1.0.8"
  resolved "https://registry.yarnpkg.com/@types/bson/-/bson-1.0.8.tgz#6ad272b3f049e9598ec33aed09cf56d8946b75f1"
  dependencies:
    "@types/node" "*"

"@types/debug@^0.0.30":
  version "0.0.30"
  resolved "https://registry.yarnpkg.com/@types/debug/-/debug-0.0.30.tgz#dc1e40f7af3b9c815013a7860e6252f6352a84df"

"@types/events@*":
  version "1.2.0"
  resolved "https://registry.yarnpkg.com/@types/events/-/events-1.2.0.tgz#81a6731ce4df43619e5c8c945383b3e62a89ea86"

"@types/lodash@^4.14.108":
  version "4.14.108"
  resolved "https://registry.yarnpkg.com/@types/lodash/-/lodash-4.14.108.tgz#02656af3add2e5b3174f830862c47421c00ef817"

"@types/mongodb@git+https://github.com/mm-ts-lib/types_mongodb.git":
  version "1.0.2"
  resolved "git+https://github.com/mm-ts-lib/types_mongodb.git#6a44ec768bc946ceaebc2ce5a9fac9ca4dd0f482"
  dependencies:
    "@types/bson" "*"
    "@types/events" "*"
    "@types/node" "*"

"@types/node@*":
  version "10.0.0"
  resolved "https://registry.yarnpkg.com/@types/node/-/node-10.0.0.tgz#c40f8e07dce607d3ef25a626b93a6a7cdcf97881"

bson@~1.0.4:
  version "1.0.6"
  resolved "https://registry.yarnpkg.com/bson/-/bson-1.0.6.tgz#444db59ddd4c24f0cb063aabdc5c8c7b0ceca912"

debug@^3.1.0:
  version "3.1.0"
  resolved "https://registry.yarnpkg.com/debug/-/debug-3.1.0.tgz#5bb5a0672628b64149566ba16819e61518c67261"
  dependencies:
    ms "2.0.0"

lodash@^4.17.10:
  version "4.17.10"
  resolved "https://registry.yarnpkg.com/lodash/-/lodash-4.17.10.tgz#1b7793cf7259ea38fb3661d4d38b3260af8ae4e7"

mongodb-core@3.0.7:
  version "3.0.7"
  resolved "https://registry.yarnpkg.com/mongodb-core/-/mongodb-core-3.0.7.tgz#a9941f14883a75768d554cef5fd67756a9cc0f25"
  dependencies:
    bson "~1.0.4"
    require_optional "^1.0.1"

mongodb@^3.0.7:
  version "3.0.7"
  resolved "https://registry.yarnpkg.com/mongodb/-/mongodb-3.0.7.tgz#cfcbaee992d78dabca67177f8f9db9cf13ac3a44"
  dependencies:
    mongodb-core "3.0.7"

ms@2.0.0:
  version "2.0.0"
  resolved "https://registry.yarnpkg.com/ms/-/ms-2.0.0.tgz#5608aeadfc00be6c2901df5f9861788de0d597c8"

require_optional@^1.0.1:
  version "1.0.1"
  resolved "https://registry.yarnpkg.com/require_optional/-/require_optional-1.0.1.tgz#4cf35a4247f64ca3df8c2ef208cc494b1ca8fc2e"
  dependencies:
    resolve-from "^2.0.0"
    semver "^5.1.0"

resolve-from@^2.0.0:
  version "2.0.0"
  resolved "https://registry.yarnpkg.com/resolve-from/-/resolve-from-2.0.0.tgz#9480ab20e94ffa1d9e80a804c7ea147611966b57"

semver@^5.1.0:
  version "5.5.0"
  resolved "https://registry.yarnpkg.com/semver/-/semver-5.5.0.tgz#dc4bbc7a6ca9d916dee5d43516f0092b58f7b8ab"
